
Microsoft Visual Studio Solution File, Format Version 12.00
# Visual Studio Version 17
VisualStudioVersion = 17.4.33403.182
MinimumVisualStudioVersion = 10.0.40219.1
Project("{9A19103F-16F7-4668-BE54-9A1E7A4F7556}") = "SouvlakMVP", "SouvlakMVP\SouvlakMVP.csproj", "{80C34D17-2188-4541-BB3C-8DBBB3CF0907}"
EndProject
Global
	GlobalSection(SolutionConfigurationPlatforms) = preSolution
		Debug|Any CPU = Debug|Any CPU
		Release|Any CPU = Release|Any CPU
	EndGlobalSection
	GlobalSection(ProjectConfigurationPlatforms) = postSolution
		{80C34D17-2188-4541-BB3C-8DBBB3CF0907}.Debug|Any CPU.ActiveCfg = Debug|Any CPU
		{80C34D17-2188-4541-BB3C-8DBBB3CF0907}.Debug|Any CPU.Build.0 = Debug|Any CPU
		{80C34D17-2188-4541-BB3C-8DBBB3CF0907}.Release|Any CPU.ActiveCfg = Release|Any CPU
		{80C34D17-2188-4541-BB3C-8DBBB3CF0907}.Release|Any CPU.Build.0 = Release|Any CPU
	EndGlobalSection
	GlobalSection(SolutionProperties) = preSolution
		HideSolutionNode = FALSE
	EndGlobalSection
	GlobalSection(ExtensibilityGlobals) = postSolution
		SolutionGuid = {F2599285-B687-4A52-9274-9DFAA75432E0}
	EndGlobalSection
EndGlobal
